
Microsoft Visual Studio Solution File, Format Version 12.00
# Visual Studio Version 16
VisualStudioVersion = 16.0.33328.57
MinimumVisualStudioVersion = 10.0.40219.1
Project("{F184B08F-C81C-45F6-A57F-5ABD9991F28F}") = "T.R.ZCommonClass", "T.R.ZCommonClass\T.R.ZCommonClass.vbproj", "{B555BCBF-591C-4BD1-95D1-53AB1771EEA5}"
EndProject
Project("{F184B08F-C81C-45F6-A57F-5ABD9991F28F}") = "T.R.ZCommonCtrl", "T.R.ZCommonCtrl\T.R.ZCommonCtrl.vbproj", "{F38C221B-17E9-4AB3-8FDA-658A1E265D4F}"
EndProject
Project("{F184B08F-C81C-45F6-A57F-5ABD9991F28F}") = "ShukaPrg", "Shuka\ShukaPrg.vbproj", "{76CD9413-CF41-4300-91DC-341A1422D057}"
EndProject
Project("{F184B08F-C81C-45F6-A57F-5ABD9991F28F}") = "MstMent", "MstMent\MstMent.vbproj", "{22093E85-9600-4113-9E74-399434449ED3}"
EndProject
Project("{F184B08F-C81C-45F6-A57F-5ABD9991F28F}") = "SyukoPrg", "SYUKO\SyukoPrg.vbproj", "{309978B9-D1B4-4394-BD9E-42109ABFB6EC}"
EndProject
Project("{F184B08F-C81C-45F6-A57F-5ABD9991F28F}") = "ZaikoPrg", "Zaiko\ZaikoPrg.vbproj", "{BB013265-43F5-4525-98F7-34F67CF79456}"
EndProject
Project("{F184B08F-C81C-45F6-A57F-5ABD9991F28F}") = "IpcService", "IpcService\IpcService.vbproj", "{0CEF3710-7F88-46ED-A0D3-E6D6FF778F1D}"
EndProject
Project("{F184B08F-C81C-45F6-A57F-5ABD9991F28F}") = "EdaSei", "EdaSeisan\EdaSei.vbproj", "{94EDEF7C-4CA8-4656-88E1-073E68A22A2A}"
EndProject
Project("{F184B08F-C81C-45F6-A57F-5ABD9991F28F}") = "EdaInp", "EdaInp\EdaInp.vbproj", "{2FF5188F-BF6A-4E30-A2EA-49723F6AE0BD}"
EndProject
Project("{F184B08F-C81C-45F6-A57F-5ABD9991F28F}") = "TANASIJI", "TANASIJI\TANASIJI.vbproj", "{E6820C5D-BD21-42E0-9136-C31C665B66F0}"
EndProject
Project("{F184B08F-C81C-45F6-A57F-5ABD9991F28F}") = "EdaSyuko", "EdaSyuko\EdaSyuko.vbproj", "{C670D5C8-498E-4DE6-BDDD-1419B9DF2CFB}"
EndProject
Project("{F184B08F-C81C-45F6-A57F-5ABD9991F28F}") = "KotaiTrace", "KotaiTrace\KotaiTrace.vbproj", "{BFD9A8EA-FBA1-4EAC-9242-577D675CF999}"
EndProject
Project("{F184B08F-C81C-45F6-A57F-5ABD9991F28F}") = "CommonPcaDx", "CommonPcaDx\CommonPcaDx.vbproj", "{440988C9-917F-40BE-A601-98B21648D022}"
EndProject
Project("{F184B08F-C81C-45F6-A57F-5ABD9991F28F}") = "NyukoPrg", "NyukoPrg\NyukoPrg.vbproj", "{1095B818-2E2B-44C2-A835-11D6FC068B30}"
EndProject
Project("{F184B08F-C81C-45F6-A57F-5ABD9991F28F}") = "Shukei", "Shukei\Shukei.vbproj", "{22253837-2449-4E3F-890C-5E36DB7F5B61}"
EndProject
Project("{F184B08F-C81C-45F6-A57F-5ABD9991F28F}") = "RyouMoku", "RyouMoku\RyouMoku.vbproj", "{58A5B1C1-1769-4EAF-ADD4-9F16C7332BC8}"
EndProject
Project("{F184B08F-C81C-45F6-A57F-5ABD9991F28F}") = "TANAOROSI", "TANAOROSI\TANAOROSI.vbproj", "{EC57B2AF-190B-4380-A515-78E687B40718}"
EndProject
Project("{F184B08F-C81C-45F6-A57F-5ABD9991F28F}") = "TanaPrn", "TANAP1\TanaPrn.vbproj", "{9865FB03-52EB-45D8-BB44-0AF419551D69}"
EndProject
Project("{F184B08F-C81C-45F6-A57F-5ABD9991F28F}") = "HenpinPrg", "HenpinPrg\HenpinPrg.vbproj", "{93ECF6E8-6EDE-4AEA-BFA6-546E10A5144D}"
EndProject
Project("{F184B08F-C81C-45F6-A57F-5ABD9991F28F}") = "OUTCONV4", "OUTCONV4\OUTCONV4.vbproj", "{04FE3CA9-D6A3-4406-9467-15E12F532F92}"
EndProject
Project("{F184B08F-C81C-45F6-A57F-5ABD9991F28F}") = "ReportPrn", "ReportPrn\ReportPrn.vbproj", "{75CFE838-20B3-4743-845A-E0492F2D3C28}"
EndProject
Project("{F184B08F-C81C-45F6-A57F-5ABD9991F28F}") = "OUTCONV", "OUTCONV\OUTCONV.vbproj", "{539F5BA8-FF21-49FC-9A0E-3B0EF4020CD8}"
EndProject
Project("{F184B08F-C81C-45F6-A57F-5ABD9991F28F}") = "TopMenu", "TopMenu\TopMenu.vbproj", "{BF151F54-DF18-47E7-901F-6D1C95CEA5C5}"
EndProject
Project("{F184B08F-C81C-45F6-A57F-5ABD9991F28F}") = "MstMentMenu", "MentMenu\MstMentMenu.vbproj", "{4BFC7654-5898-40A2-A922-03563D60AEB2}"
EndProject
Project("{F184B08F-C81C-45F6-A57F-5ABD9991F28F}") = "MSTSET", "MSTSET\MSTSET.vbproj", "{DC7B67DC-A2D8-43F3-B9BE-B3D0054C70C5}"
EndProject
Project("{F184B08F-C81C-45F6-A57F-5ABD9991F28F}") = "T.R.ZCommonCon", "T.R.ZCommonCon\T.R.ZCommonCon.vbproj", "{1E1B85F1-87D2-4F40-BA16-C3621C8644A0}"
EndProject
Project("{F184B08F-C81C-45F6-A57F-5ABD9991F28F}") = "OutCsvData", "OutCsvData\OutCsvData.vbproj", "{0DBC5610-B356-423E-BA1A-92981FE460DE}"
EndProject
Global
	GlobalSection(SolutionConfigurationPlatforms) = preSolution
		Debug|Any CPU = Debug|Any CPU
		Debug|x64 = Debug|x64
		Debug|x86 = Debug|x86
		Release|Any CPU = Release|Any CPU
		Release|x64 = Release|x64
		Release|x86 = Release|x86
	EndGlobalSection
	GlobalSection(ProjectConfigurationPlatforms) = postSolution
		{B555BCBF-591C-4BD1-95D1-53AB1771EEA5}.Debug|Any CPU.ActiveCfg = Debug|Any CPU
		{B555BCBF-591C-4BD1-95D1-53AB1771EEA5}.Debug|Any CPU.Build.0 = Debug|Any CPU
		{B555BCBF-591C-4BD1-95D1-53AB1771EEA5}.Debug|x64.ActiveCfg = Debug|x64
		{B555BCBF-591C-4BD1-95D1-53AB1771EEA5}.Debug|x64.Build.0 = Debug|x64
		{B555BCBF-591C-4BD1-95D1-53AB1771EEA5}.Debug|x86.ActiveCfg = Debug|x86
		{B555BCBF-591C-4BD1-95D1-53AB1771EEA5}.Debug|x86.Build.0 = Debug|x86
		{B555BCBF-591C-4BD1-95D1-53AB1771EEA5}.Release|Any CPU.ActiveCfg = Release|Any CPU
		{B555BCBF-591C-4BD1-95D1-53AB1771EEA5}.Release|Any CPU.Build.0 = Release|Any CPU
		{B555BCBF-591C-4BD1-95D1-53AB1771EEA5}.Release|x64.ActiveCfg = Release|x64
		{B555BCBF-591C-4BD1-95D1-53AB1771EEA5}.Release|x64.Build.0 = Release|x64
		{B555BCBF-591C-4BD1-95D1-53AB1771EEA5}.Release|x86.ActiveCfg = Release|x86
		{B555BCBF-591C-4BD1-95D1-53AB1771EEA5}.Release|x86.Build.0 = Release|x86
		{F38C221B-17E9-4AB3-8FDA-658A1E265D4F}.Debug|Any CPU.ActiveCfg = Debug|Any CPU
		{F38C221B-17E9-4AB3-8FDA-658A1E265D4F}.Debug|Any CPU.Build.0 = Debug|Any CPU
		{F38C221B-17E9-4AB3-8FDA-658A1E265D4F}.Debug|x64.ActiveCfg = Debug|x64
		{F38C221B-17E9-4AB3-8FDA-658A1E265D4F}.Debug|x64.Build.0 = Debug|x64
		{F38C221B-17E9-4AB3-8FDA-658A1E265D4F}.Debug|x86.ActiveCfg = Debug|x86
		{F38C221B-17E9-4AB3-8FDA-658A1E265D4F}.Debug|x86.Build.0 = Debug|x86
		{F38C221B-17E9-4AB3-8FDA-658A1E265D4F}.Release|Any CPU.ActiveCfg = Release|Any CPU
		{F38C221B-17E9-4AB3-8FDA-658A1E265D4F}.Release|Any CPU.Build.0 = Release|Any CPU
		{F38C221B-17E9-4AB3-8FDA-658A1E265D4F}.Release|x64.ActiveCfg = Release|x64
		{F38C221B-17E9-4AB3-8FDA-658A1E265D4F}.Release|x64.Build.0 = Release|x64
		{F38C221B-17E9-4AB3-8FDA-658A1E265D4F}.Release|x86.ActiveCfg = Release|x86
		{F38C221B-17E9-4AB3-8FDA-658A1E265D4F}.Release|x86.Build.0 = Release|x86
		{76CD9413-CF41-4300-91DC-341A1422D057}.Debug|Any CPU.ActiveCfg = Debug|Any CPU
		{76CD9413-CF41-4300-91DC-341A1422D057}.Debug|Any CPU.Build.0 = Debug|Any CPU
		{76CD9413-CF41-4300-91DC-341A1422D057}.Debug|x64.ActiveCfg = Debug|x64
		{76CD9413-CF41-4300-91DC-341A1422D057}.Debug|x64.Build.0 = Debug|x64
		{76CD9413-CF41-4300-91DC-341A1422D057}.Debug|x86.ActiveCfg = Debug|x86
		{76CD9413-CF41-4300-91DC-341A1422D057}.Debug|x86.Build.0 = Debug|x86
		{76CD9413-CF41-4300-91DC-341A1422D057}.Release|Any CPU.ActiveCfg = Release|Any CPU
		{76CD9413-CF41-4300-91DC-341A1422D057}.Release|Any CPU.Build.0 = Release|Any CPU
		{76CD9413-CF41-4300-91DC-341A1422D057}.Release|x64.ActiveCfg = Release|x64
		{76CD9413-CF41-4300-91DC-341A1422D057}.Release|x64.Build.0 = Release|x64
		{76CD9413-CF41-4300-91DC-341A1422D057}.Release|x86.ActiveCfg = Release|x86
		{76CD9413-CF41-4300-91DC-341A1422D057}.Release|x86.Build.0 = Release|x86
		{22093E85-9600-4113-9E74-399434449ED3}.Debug|Any CPU.ActiveCfg = Debug|Any CPU
		{22093E85-9600-4113-9E74-399434449ED3}.Debug|Any CPU.Build.0 = Debug|Any CPU
		{22093E85-9600-4113-9E74-399434449ED3}.Debug|x64.ActiveCfg = Debug|x64
		{22093E85-9600-4113-9E74-399434449ED3}.Debug|x64.Build.0 = Debug|x64
		{22093E85-9600-4113-9E74-399434449ED3}.Debug|x86.ActiveCfg = Debug|x86
		{22093E85-9600-4113-9E74-399434449ED3}.Debug|x86.Build.0 = Debug|x86
		{22093E85-9600-4113-9E74-399434449ED3}.Release|Any CPU.ActiveCfg = Release|Any CPU
		{22093E85-9600-4113-9E74-399434449ED3}.Release|Any CPU.Build.0 = Release|Any CPU
		{22093E85-9600-4113-9E74-399434449ED3}.Release|x64.ActiveCfg = Release|x64
		{22093E85-9600-4113-9E74-399434449ED3}.Release|x64.Build.0 = Release|x64
		{22093E85-9600-4113-9E74-399434449ED3}.Release|x86.ActiveCfg = Release|x86
		{22093E85-9600-4113-9E74-399434449ED3}.Release|x86.Build.0 = Release|x86
		{309978B9-D1B4-4394-BD9E-42109ABFB6EC}.Debug|Any CPU.ActiveCfg = Debug|Any CPU
		{309978B9-D1B4-4394-BD9E-42109ABFB6EC}.Debug|Any CPU.Build.0 = Debug|Any CPU
		{309978B9-D1B4-4394-BD9E-42109ABFB6EC}.Debug|x64.ActiveCfg = Debug|x64
		{309978B9-D1B4-4394-BD9E-42109ABFB6EC}.Debug|x64.Build.0 = Debug|x64
		{309978B9-D1B4-4394-BD9E-42109ABFB6EC}.Debug|x86.ActiveCfg = Debug|x86
		{309978B9-D1B4-4394-BD9E-42109ABFB6EC}.Debug|x86.Build.0 = Debug|x86
		{309978B9-D1B4-4394-BD9E-42109ABFB6EC}.Release|Any CPU.ActiveCfg = Release|Any CPU
		{309978B9-D1B4-4394-BD9E-42109ABFB6EC}.Release|Any CPU.Build.0 = Release|Any CPU
		{309978B9-D1B4-4394-BD9E-42109ABFB6EC}.Release|x64.ActiveCfg = Release|x64
		{309978B9-D1B4-4394-BD9E-42109ABFB6EC}.Release|x64.Build.0 = Release|x64
		{309978B9-D1B4-4394-BD9E-42109ABFB6EC}.Release|x86.ActiveCfg = Release|x86
		{309978B9-D1B4-4394-BD9E-42109ABFB6EC}.Release|x86.Build.0 = Release|x86
		{BB013265-43F5-4525-98F7-34F67CF79456}.Debug|Any CPU.ActiveCfg = Debug|Any CPU
		{BB013265-43F5-4525-98F7-34F67CF79456}.Debug|Any CPU.Build.0 = Debug|Any CPU
		{BB013265-43F5-4525-98F7-34F67CF79456}.Debug|x64.ActiveCfg = Debug|x64
		{BB013265-43F5-4525-98F7-34F67CF79456}.Debug|x64.Build.0 = Debug|x64
		{BB013265-43F5-4525-98F7-34F67CF79456}.Debug|x86.ActiveCfg = Debug|x86
		{BB013265-43F5-4525-98F7-34F67CF79456}.Debug|x86.Build.0 = Debug|x86
		{BB013265-43F5-4525-98F7-34F67CF79456}.Release|Any CPU.ActiveCfg = Release|Any CPU
		{BB013265-43F5-4525-98F7-34F67CF79456}.Release|Any CPU.Build.0 = Release|Any CPU
		{BB013265-43F5-4525-98F7-34F67CF79456}.Release|x64.ActiveCfg = Release|x64
		{BB013265-43F5-4525-98F7-34F67CF79456}.Release|x64.Build.0 = Release|x64
		{BB013265-43F5-4525-98F7-34F67CF79456}.Release|x86.ActiveCfg = Release|x86
		{BB013265-43F5-4525-98F7-34F67CF79456}.Release|x86.Build.0 = Release|x86
		{0CEF3710-7F88-46ED-A0D3-E6D6FF778F1D}.Debug|Any CPU.ActiveCfg = Debug|Any CPU
		{0CEF3710-7F88-46ED-A0D3-E6D6FF778F1D}.Debug|Any CPU.Build.0 = Debug|Any CPU
		{0CEF3710-7F88-46ED-A0D3-E6D6FF778F1D}.Debug|x64.ActiveCfg = Debug|Any CPU
		{0CEF3710-7F88-46ED-A0D3-E6D6FF778F1D}.Debug|x64.Build.0 = Debug|Any CPU
		{0CEF3710-7F88-46ED-A0D3-E6D6FF778F1D}.Debug|x86.ActiveCfg = Debug|x86
		{0CEF3710-7F88-46ED-A0D3-E6D6FF778F1D}.Debug|x86.Build.0 = Debug|x86
		{0CEF3710-7F88-46ED-A0D3-E6D6FF778F1D}.Release|Any CPU.ActiveCfg = Release|Any CPU
		{0CEF3710-7F88-46ED-A0D3-E6D6FF778F1D}.Release|Any CPU.Build.0 = Release|Any CPU
		{0CEF3710-7F88-46ED-A0D3-E6D6FF778F1D}.Release|x64.ActiveCfg = Release|Any CPU
		{0CEF3710-7F88-46ED-A0D3-E6D6FF778F1D}.Release|x64.Build.0 = Release|Any CPU
		{0CEF3710-7F88-46ED-A0D3-E6D6FF778F1D}.Release|x86.ActiveCfg = Release|x86
		{0CEF3710-7F88-46ED-A0D3-E6D6FF778F1D}.Release|x86.Build.0 = Release|x86
		{94EDEF7C-4CA8-4656-88E1-073E68A22A2A}.Debug|Any CPU.ActiveCfg = Debug|Any CPU
		{94EDEF7C-4CA8-4656-88E1-073E68A22A2A}.Debug|Any CPU.Build.0 = Debug|Any CPU
		{94EDEF7C-4CA8-4656-88E1-073E68A22A2A}.Debug|x64.ActiveCfg = Debug|x64
		{94EDEF7C-4CA8-4656-88E1-073E68A22A2A}.Debug|x64.Build.0 = Debug|x64
		{94EDEF7C-4CA8-4656-88E1-073E68A22A2A}.Debug|x86.ActiveCfg = Debug|x86
		{94EDEF7C-4CA8-4656-88E1-073E68A22A2A}.Debug|x86.Build.0 = Debug|x86
		{94EDEF7C-4CA8-4656-88E1-073E68A22A2A}.Release|Any CPU.ActiveCfg = Release|Any CPU
		{94EDEF7C-4CA8-4656-88E1-073E68A22A2A}.Release|Any CPU.Build.0 = Release|Any CPU
		{94EDEF7C-4CA8-4656-88E1-073E68A22A2A}.Release|x64.ActiveCfg = Release|x64
		{94EDEF7C-4CA8-4656-88E1-073E68A22A2A}.Release|x64.Build.0 = Release|x64
		{94EDEF7C-4CA8-4656-88E1-073E68A22A2A}.Release|x86.ActiveCfg = Release|x86
		{94EDEF7C-4CA8-4656-88E1-073E68A22A2A}.Release|x86.Build.0 = Release|x86
		{2FF5188F-BF6A-4E30-A2EA-49723F6AE0BD}.Debug|Any CPU.ActiveCfg = Debug|Any CPU
		{2FF5188F-BF6A-4E30-A2EA-49723F6AE0BD}.Debug|Any CPU.Build.0 = Debug|Any CPU
		{2FF5188F-BF6A-4E30-A2EA-49723F6AE0BD}.Debug|x64.ActiveCfg = Debug|x64
		{2FF5188F-BF6A-4E30-A2EA-49723F6AE0BD}.Debug|x64.Build.0 = Debug|x64
		{2FF5188F-BF6A-4E30-A2EA-49723F6AE0BD}.Debug|x86.ActiveCfg = Debug|x86
		{2FF5188F-BF6A-4E30-A2EA-49723F6AE0BD}.Debug|x86.Build.0 = Debug|x86
		{2FF5188F-BF6A-4E30-A2EA-49723F6AE0BD}.Release|Any CPU.ActiveCfg = Release|Any CPU
		{2FF5188F-BF6A-4E30-A2EA-49723F6AE0BD}.Release|Any CPU.Build.0 = Release|Any CPU
		{2FF5188F-BF6A-4E30-A2EA-49723F6AE0BD}.Release|x64.ActiveCfg = Release|x64
		{2FF5188F-BF6A-4E30-A2EA-49723F6AE0BD}.Release|x64.Build.0 = Release|x64
		{2FF5188F-BF6A-4E30-A2EA-49723F6AE0BD}.Release|x86.ActiveCfg = Release|x86
		{2FF5188F-BF6A-4E30-A2EA-49723F6AE0BD}.Release|x86.Build.0 = Release|x86
		{E6820C5D-BD21-42E0-9136-C31C665B66F0}.Debug|Any CPU.ActiveCfg = Debug|Any CPU
		{E6820C5D-BD21-42E0-9136-C31C665B66F0}.Debug|Any CPU.Build.0 = Debug|Any CPU
		{E6820C5D-BD21-42E0-9136-C31C665B66F0}.Debug|x64.ActiveCfg = Debug|Any CPU
		{E6820C5D-BD21-42E0-9136-C31C665B66F0}.Debug|x64.Build.0 = Debug|Any CPU
		{E6820C5D-BD21-42E0-9136-C31C665B66F0}.Debug|x86.ActiveCfg = Debug|x86
		{E6820C5D-BD21-42E0-9136-C31C665B66F0}.Debug|x86.Build.0 = Debug|x86
		{E6820C5D-BD21-42E0-9136-C31C665B66F0}.Release|Any CPU.ActiveCfg = Release|Any CPU
		{E6820C5D-BD21-42E0-9136-C31C665B66F0}.Release|Any CPU.Build.0 = Release|Any CPU
		{E6820C5D-BD21-42E0-9136-C31C665B66F0}.Release|x64.ActiveCfg = Release|Any CPU
		{E6820C5D-BD21-42E0-9136-C31C665B66F0}.Release|x64.Build.0 = Release|Any CPU
		{E6820C5D-BD21-42E0-9136-C31C665B66F0}.Release|x86.ActiveCfg = Release|x86
		{E6820C5D-BD21-42E0-9136-C31C665B66F0}.Release|x86.Build.0 = Release|x86
		{C670D5C8-498E-4DE6-BDDD-1419B9DF2CFB}.Debug|Any CPU.ActiveCfg = Debug|Any CPU
		{C670D5C8-498E-4DE6-BDDD-1419B9DF2CFB}.Debug|Any CPU.Build.0 = Debug|Any CPU
		{C670D5C8-498E-4DE6-BDDD-1419B9DF2CFB}.Debug|x64.ActiveCfg = Debug|x64
		{C670D5C8-498E-4DE6-BDDD-1419B9DF2CFB}.Debug|x64.Build.0 = Debug|x64
		{C670D5C8-498E-4DE6-BDDD-1419B9DF2CFB}.Debug|x86.ActiveCfg = Debug|x86
		{C670D5C8-498E-4DE6-BDDD-1419B9DF2CFB}.Debug|x86.Build.0 = Debug|x86
		{C670D5C8-498E-4DE6-BDDD-1419B9DF2CFB}.Release|Any CPU.ActiveCfg = Release|Any CPU
		{C670D5C8-498E-4DE6-BDDD-1419B9DF2CFB}.Release|Any CPU.Build.0 = Release|Any CPU
		{C670D5C8-498E-4DE6-BDDD-1419B9DF2CFB}.Release|x64.ActiveCfg = Release|x64
		{C670D5C8-498E-4DE6-BDDD-1419B9DF2CFB}.Release|x64.Build.0 = Release|x64
		{C670D5C8-498E-4DE6-BDDD-1419B9DF2CFB}.Release|x86.ActiveCfg = Release|x86
		{C670D5C8-498E-4DE6-BDDD-1419B9DF2CFB}.Release|x86.Build.0 = Release|x86
		{BFD9A8EA-FBA1-4EAC-9242-577D675CF999}.Debug|Any CPU.ActiveCfg = Debug|Any CPU
		{BFD9A8EA-FBA1-4EAC-9242-577D675CF999}.Debug|Any CPU.Build.0 = Debug|Any CPU
		{BFD9A8EA-FBA1-4EAC-9242-577D675CF999}.Debug|x64.ActiveCfg = Debug|x64
		{BFD9A8EA-FBA1-4EAC-9242-577D675CF999}.Debug|x64.Build.0 = Debug|x64
		{BFD9A8EA-FBA1-4EAC-9242-577D675CF999}.Debug|x86.ActiveCfg = Debug|x86
		{BFD9A8EA-FBA1-4EAC-9242-577D675CF999}.Debug|x86.Build.0 = Debug|x86
		{BFD9A8EA-FBA1-4EAC-9242-577D675CF999}.Release|Any CPU.ActiveCfg = Release|Any CPU
		{BFD9A8EA-FBA1-4EAC-9242-577D675CF999}.Release|Any CPU.Build.0 = Release|Any CPU
		{BFD9A8EA-FBA1-4EAC-9242-577D675CF999}.Release|x64.ActiveCfg = Release|x64
		{BFD9A8EA-FBA1-4EAC-9242-577D675CF999}.Release|x64.Build.0 = Release|x64
		{BFD9A8EA-FBA1-4EAC-9242-577D675CF999}.Release|x86.ActiveCfg = Release|x86
		{BFD9A8EA-FBA1-4EAC-9242-577D675CF999}.Release|x86.Build.0 = Release|x86
		{440988C9-917F-40BE-A601-98B21648D022}.Debug|Any CPU.ActiveCfg = Debug|Any CPU
		{440988C9-917F-40BE-A601-98B21648D022}.Debug|Any CPU.Build.0 = Debug|Any CPU
		{440988C9-917F-40BE-A601-98B21648D022}.Debug|x64.ActiveCfg = Debug|x64
		{440988C9-917F-40BE-A601-98B21648D022}.Debug|x64.Build.0 = Debug|x64
		{440988C9-917F-40BE-A601-98B21648D022}.Debug|x86.ActiveCfg = Debug|x86
		{440988C9-917F-40BE-A601-98B21648D022}.Debug|x86.Build.0 = Debug|x86
		{440988C9-917F-40BE-A601-98B21648D022}.Release|Any CPU.ActiveCfg = Release|Any CPU
		{440988C9-917F-40BE-A601-98B21648D022}.Release|Any CPU.Build.0 = Release|Any CPU
		{440988C9-917F-40BE-A601-98B21648D022}.Release|x64.ActiveCfg = Release|x64
		{440988C9-917F-40BE-A601-98B21648D022}.Release|x64.Build.0 = Release|x64
		{440988C9-917F-40BE-A601-98B21648D022}.Release|x86.ActiveCfg = Release|x86
		{440988C9-917F-40BE-A601-98B21648D022}.Release|x86.Build.0 = Release|x86
		{1095B818-2E2B-44C2-A835-11D6FC068B30}.Debug|Any CPU.ActiveCfg = Debug|Any CPU
		{1095B818-2E2B-44C2-A835-11D6FC068B30}.Debug|Any CPU.Build.0 = Debug|Any CPU
		{1095B818-2E2B-44C2-A835-11D6FC068B30}.Debug|x64.ActiveCfg = Debug|x64
		{1095B818-2E2B-44C2-A835-11D6FC068B30}.Debug|x64.Build.0 = Debug|x64
		{1095B818-2E2B-44C2-A835-11D6FC068B30}.Debug|x86.ActiveCfg = Debug|x86
		{1095B818-2E2B-44C2-A835-11D6FC068B30}.Debug|x86.Build.0 = Debug|x86
		{1095B818-2E2B-44C2-A835-11D6FC068B30}.Release|Any CPU.ActiveCfg = Release|Any CPU
		{1095B818-2E2B-44C2-A835-11D6FC068B30}.Release|Any CPU.Build.0 = Release|Any CPU
		{1095B818-2E2B-44C2-A835-11D6FC068B30}.Release|x64.ActiveCfg = Release|x64
		{1095B818-2E2B-44C2-A835-11D6FC068B30}.Release|x64.Build.0 = Release|x64
		{1095B818-2E2B-44C2-A835-11D6FC068B30}.Release|x86.ActiveCfg = Release|x86
		{1095B818-2E2B-44C2-A835-11D6FC068B30}.Release|x86.Build.0 = Release|x86
		{22253837-2449-4E3F-890C-5E36DB7F5B61}.Debug|Any CPU.ActiveCfg = Debug|Any CPU
		{22253837-2449-4E3F-890C-5E36DB7F5B61}.Debug|Any CPU.Build.0 = Debug|Any CPU
		{22253837-2449-4E3F-890C-5E36DB7F5B61}.Debug|x64.ActiveCfg = Debug|x64
		{22253837-2449-4E3F-890C-5E36DB7F5B61}.Debug|x64.Build.0 = Debug|x64
		{22253837-2449-4E3F-890C-5E36DB7F5B61}.Debug|x86.ActiveCfg = Debug|x86
		{22253837-2449-4E3F-890C-5E36DB7F5B61}.Debug|x86.Build.0 = Debug|x86
		{22253837-2449-4E3F-890C-5E36DB7F5B61}.Release|Any CPU.ActiveCfg = Release|Any CPU
		{22253837-2449-4E3F-890C-5E36DB7F5B61}.Release|Any CPU.Build.0 = Release|Any CPU
		{22253837-2449-4E3F-890C-5E36DB7F5B61}.Release|x64.ActiveCfg = Release|x64
		{22253837-2449-4E3F-890C-5E36DB7F5B61}.Release|x64.Build.0 = Release|x64
		{22253837-2449-4E3F-890C-5E36DB7F5B61}.Release|x86.ActiveCfg = Release|x86
		{22253837-2449-4E3F-890C-5E36DB7F5B61}.Release|x86.Build.0 = Release|x86
		{58A5B1C1-1769-4EAF-ADD4-9F16C7332BC8}.Debug|Any CPU.ActiveCfg = Debug|Any CPU
		{58A5B1C1-1769-4EAF-ADD4-9F16C7332BC8}.Debug|Any CPU.Build.0 = Debug|Any CPU
		{58A5B1C1-1769-4EAF-ADD4-9F16C7332BC8}.Debug|x64.ActiveCfg = Debug|x64
		{58A5B1C1-1769-4EAF-ADD4-9F16C7332BC8}.Debug|x64.Build.0 = Debug|x64
		{58A5B1C1-1769-4EAF-ADD4-9F16C7332BC8}.Debug|x86.ActiveCfg = Debug|x86
		{58A5B1C1-1769-4EAF-ADD4-9F16C7332BC8}.Debug|x86.Build.0 = Debug|x86
		{58A5B1C1-1769-4EAF-ADD4-9F16C7332BC8}.Release|Any CPU.ActiveCfg = Release|Any CPU
		{58A5B1C1-1769-4EAF-ADD4-9F16C7332BC8}.Release|Any CPU.Build.0 = Release|Any CPU
		{58A5B1C1-1769-4EAF-ADD4-9F16C7332BC8}.Release|x64.ActiveCfg = Release|x64
		{58A5B1C1-1769-4EAF-ADD4-9F16C7332BC8}.Release|x64.Build.0 = Release|x64
		{58A5B1C1-1769-4EAF-ADD4-9F16C7332BC8}.Release|x86.ActiveCfg = Release|x86
		{58A5B1C1-1769-4EAF-ADD4-9F16C7332BC8}.Release|x86.Build.0 = Release|x86
		{EC57B2AF-190B-4380-A515-78E687B40718}.Debug|Any CPU.ActiveCfg = Debug|Any CPU
		{EC57B2AF-190B-4380-A515-78E687B40718}.Debug|Any CPU.Build.0 = Debug|Any CPU
		{EC57B2AF-190B-4380-A515-78E687B40718}.Debug|x64.ActiveCfg = Debug|x64
		{EC57B2AF-190B-4380-A515-78E687B40718}.Debug|x64.Build.0 = Debug|x64
		{EC57B2AF-190B-4380-A515-78E687B40718}.Debug|x86.ActiveCfg = Debug|x86
		{EC57B2AF-190B-4380-A515-78E687B40718}.Debug|x86.Build.0 = Debug|x86
		{EC57B2AF-190B-4380-A515-78E687B40718}.Release|Any CPU.ActiveCfg = Release|Any CPU
		{EC57B2AF-190B-4380-A515-78E687B40718}.Release|Any CPU.Build.0 = Release|Any CPU
		{EC57B2AF-190B-4380-A515-78E687B40718}.Release|x64.ActiveCfg = Release|x64
		{EC57B2AF-190B-4380-A515-78E687B40718}.Release|x64.Build.0 = Release|x64
		{EC57B2AF-190B-4380-A515-78E687B40718}.Release|x86.ActiveCfg = Release|x86
		{EC57B2AF-190B-4380-A515-78E687B40718}.Release|x86.Build.0 = Release|x86
		{9865FB03-52EB-45D8-BB44-0AF419551D69}.Debug|Any CPU.ActiveCfg = Debug|Any CPU
		{9865FB03-52EB-45D8-BB44-0AF419551D69}.Debug|Any CPU.Build.0 = Debug|Any CPU
		{9865FB03-52EB-45D8-BB44-0AF419551D69}.Debug|x64.ActiveCfg = Debug|x64
		{9865FB03-52EB-45D8-BB44-0AF419551D69}.Debug|x64.Build.0 = Debug|x64
		{9865FB03-52EB-45D8-BB44-0AF419551D69}.Debug|x86.ActiveCfg = Debug|x86
		{9865FB03-52EB-45D8-BB44-0AF419551D69}.Debug|x86.Build.0 = Debug|x86
		{9865FB03-52EB-45D8-BB44-0AF419551D69}.Release|Any CPU.ActiveCfg = Release|Any CPU
		{9865FB03-52EB-45D8-BB44-0AF419551D69}.Release|Any CPU.Build.0 = Release|Any CPU
		{9865FB03-52EB-45D8-BB44-0AF419551D69}.Release|x64.ActiveCfg = Release|x64
		{9865FB03-52EB-45D8-BB44-0AF419551D69}.Release|x64.Build.0 = Release|x64
		{9865FB03-52EB-45D8-BB44-0AF419551D69}.Release|x86.ActiveCfg = Release|x86
		{9865FB03-52EB-45D8-BB44-0AF419551D69}.Release|x86.Build.0 = Release|x86
		{93ECF6E8-6EDE-4AEA-BFA6-546E10A5144D}.Debug|Any CPU.ActiveCfg = Debug|Any CPU
		{93ECF6E8-6EDE-4AEA-BFA6-546E10A5144D}.Debug|Any CPU.Build.0 = Debug|Any CPU
		{93ECF6E8-6EDE-4AEA-BFA6-546E10A5144D}.Debug|x64.ActiveCfg = Debug|x64
		{93ECF6E8-6EDE-4AEA-BFA6-546E10A5144D}.Debug|x64.Build.0 = Debug|x64
		{93ECF6E8-6EDE-4AEA-BFA6-546E10A5144D}.Debug|x86.ActiveCfg = Debug|x86
		{93ECF6E8-6EDE-4AEA-BFA6-546E10A5144D}.Debug|x86.Build.0 = Debug|x86
		{93ECF6E8-6EDE-4AEA-BFA6-546E10A5144D}.Release|Any CPU.ActiveCfg = Release|Any CPU
		{93ECF6E8-6EDE-4AEA-BFA6-546E10A5144D}.Release|Any CPU.Build.0 = Release|Any CPU
		{93ECF6E8-6EDE-4AEA-BFA6-546E10A5144D}.Release|x64.ActiveCfg = Release|x64
		{93ECF6E8-6EDE-4AEA-BFA6-546E10A5144D}.Release|x64.Build.0 = Release|x64
		{93ECF6E8-6EDE-4AEA-BFA6-546E10A5144D}.Release|x86.ActiveCfg = Release|x86
		{93ECF6E8-6EDE-4AEA-BFA6-546E10A5144D}.Release|x86.Build.0 = Release|x86
		{04FE3CA9-D6A3-4406-9467-15E12F532F92}.Debug|Any CPU.ActiveCfg = Debug|Any CPU
		{04FE3CA9-D6A3-4406-9467-15E12F532F92}.Debug|Any CPU.Build.0 = Debug|Any CPU
		{04FE3CA9-D6A3-4406-9467-15E12F532F92}.Debug|x64.ActiveCfg = Debug|x64
		{04FE3CA9-D6A3-4406-9467-15E12F532F92}.Debug|x64.Build.0 = Debug|x64
		{04FE3CA9-D6A3-4406-9467-15E12F532F92}.Debug|x86.ActiveCfg = Debug|x86
		{04FE3CA9-D6A3-4406-9467-15E12F532F92}.Debug|x86.Build.0 = Debug|x86
		{04FE3CA9-D6A3-4406-9467-15E12F532F92}.Release|Any CPU.ActiveCfg = Release|Any CPU
		{04FE3CA9-D6A3-4406-9467-15E12F532F92}.Release|Any CPU.Build.0 = Release|Any CPU
		{04FE3CA9-D6A3-4406-9467-15E12F532F92}.Release|x64.ActiveCfg = Release|x64
		{04FE3CA9-D6A3-4406-9467-15E12F532F92}.Release|x64.Build.0 = Release|x64
		{04FE3CA9-D6A3-4406-9467-15E12F532F92}.Release|x86.ActiveCfg = Release|x86
		{04FE3CA9-D6A3-4406-9467-15E12F532F92}.Release|x86.Build.0 = Release|x86
		{75CFE838-20B3-4743-845A-E0492F2D3C28}.Debug|Any CPU.ActiveCfg = Debug|Any CPU
		{75CFE838-20B3-4743-845A-E0492F2D3C28}.Debug|Any CPU.Build.0 = Debug|Any CPU
		{75CFE838-20B3-4743-845A-E0492F2D3C28}.Debug|x64.ActiveCfg = Debug|x64
		{75CFE838-20B3-4743-845A-E0492F2D3C28}.Debug|x64.Build.0 = Debug|x64
		{75CFE838-20B3-4743-845A-E0492F2D3C28}.Debug|x86.ActiveCfg = Debug|x86
		{75CFE838-20B3-4743-845A-E0492F2D3C28}.Debug|x86.Build.0 = Debug|x86
		{75CFE838-20B3-4743-845A-E0492F2D3C28}.Release|Any CPU.ActiveCfg = Release|Any CPU
		{75CFE838-20B3-4743-845A-E0492F2D3C28}.Release|Any CPU.Build.0 = Release|Any CPU
		{75CFE838-20B3-4743-845A-E0492F2D3C28}.Release|x64.ActiveCfg = Release|x64
		{75CFE838-20B3-4743-845A-E0492F2D3C28}.Release|x64.Build.0 = Release|x64
		{75CFE838-20B3-4743-845A-E0492F2D3C28}.Release|x86.ActiveCfg = Release|x86
		{75CFE838-20B3-4743-845A-E0492F2D3C28}.Release|x86.Build.0 = Release|x86
		{539F5BA8-FF21-49FC-9A0E-3B0EF4020CD8}.Debug|Any CPU.ActiveCfg = Debug|Any CPU
		{539F5BA8-FF21-49FC-9A0E-3B0EF4020CD8}.Debug|Any CPU.Build.0 = Debug|Any CPU
		{539F5BA8-FF21-49FC-9A0E-3B0EF4020CD8}.Debug|x64.ActiveCfg = Debug|x64
		{539F5BA8-FF21-49FC-9A0E-3B0EF4020CD8}.Debug|x64.Build.0 = Debug|x64
		{539F5BA8-FF21-49FC-9A0E-3B0EF4020CD8}.Debug|x86.ActiveCfg = Debug|x86
		{539F5BA8-FF21-49FC-9A0E-3B0EF4020CD8}.Debug|x86.Build.0 = Debug|x86
		{539F5BA8-FF21-49FC-9A0E-3B0EF4020CD8}.Release|Any CPU.ActiveCfg = Release|Any CPU
		{539F5BA8-FF21-49FC-9A0E-3B0EF4020CD8}.Release|Any CPU.Build.0 = Release|Any CPU
		{539F5BA8-FF21-49FC-9A0E-3B0EF4020CD8}.Release|x64.ActiveCfg = Release|x64
		{539F5BA8-FF21-49FC-9A0E-3B0EF4020CD8}.Release|x64.Build.0 = Release|x64
		{539F5BA8-FF21-49FC-9A0E-3B0EF4020CD8}.Release|x86.ActiveCfg = Release|x86
		{539F5BA8-FF21-49FC-9A0E-3B0EF4020CD8}.Release|x86.Build.0 = Release|x86
		{BF151F54-DF18-47E7-901F-6D1C95CEA5C5}.Debug|Any CPU.ActiveCfg = Debug|Any CPU
		{BF151F54-DF18-47E7-901F-6D1C95CEA5C5}.Debug|Any CPU.Build.0 = Debug|Any CPU
		{BF151F54-DF18-47E7-901F-6D1C95CEA5C5}.Debug|x64.ActiveCfg = Debug|x64
		{BF151F54-DF18-47E7-901F-6D1C95CEA5C5}.Debug|x64.Build.0 = Debug|x64
		{BF151F54-DF18-47E7-901F-6D1C95CEA5C5}.Debug|x86.ActiveCfg = Debug|x86
		{BF151F54-DF18-47E7-901F-6D1C95CEA5C5}.Debug|x86.Build.0 = Debug|x86
		{BF151F54-DF18-47E7-901F-6D1C95CEA5C5}.Release|Any CPU.ActiveCfg = Release|Any CPU
		{BF151F54-DF18-47E7-901F-6D1C95CEA5C5}.Release|Any CPU.Build.0 = Release|Any CPU
		{BF151F54-DF18-47E7-901F-6D1C95CEA5C5}.Release|x64.ActiveCfg = Release|x64
		{BF151F54-DF18-47E7-901F-6D1C95CEA5C5}.Release|x64.Build.0 = Release|x64
		{BF151F54-DF18-47E7-901F-6D1C95CEA5C5}.Release|x86.ActiveCfg = Release|x86
		{BF151F54-DF18-47E7-901F-6D1C95CEA5C5}.Release|x86.Build.0 = Release|x86
		{4BFC7654-5898-40A2-A922-03563D60AEB2}.Debug|Any CPU.ActiveCfg = Debug|Any CPU
		{4BFC7654-5898-40A2-A922-03563D60AEB2}.Debug|Any CPU.Build.0 = Debug|Any CPU
		{4BFC7654-5898-40A2-A922-03563D60AEB2}.Debug|x64.ActiveCfg = Debug|x64
		{4BFC7654-5898-40A2-A922-03563D60AEB2}.Debug|x64.Build.0 = Debug|x64
		{4BFC7654-5898-40A2-A922-03563D60AEB2}.Debug|x86.ActiveCfg = Debug|x86
		{4BFC7654-5898-40A2-A922-03563D60AEB2}.Debug|x86.Build.0 = Debug|x86
		{4BFC7654-5898-40A2-A922-03563D60AEB2}.Release|Any CPU.ActiveCfg = Release|Any CPU
		{4BFC7654-5898-40A2-A922-03563D60AEB2}.Release|Any CPU.Build.0 = Release|Any CPU
		{4BFC7654-5898-40A2-A922-03563D60AEB2}.Release|x64.ActiveCfg = Release|x64
		{4BFC7654-5898-40A2-A922-03563D60AEB2}.Release|x64.Build.0 = Release|x64
		{4BFC7654-5898-40A2-A922-03563D60AEB2}.Release|x86.ActiveCfg = Release|x86
		{4BFC7654-5898-40A2-A922-03563D60AEB2}.Release|x86.Build.0 = Release|x86
		{DC7B67DC-A2D8-43F3-B9BE-B3D0054C70C5}.Debug|Any CPU.ActiveCfg = Debug|Any CPU
		{DC7B67DC-A2D8-43F3-B9BE-B3D0054C70C5}.Debug|Any CPU.Build.0 = Debug|Any CPU
		{DC7B67DC-A2D8-43F3-B9BE-B3D0054C70C5}.Debug|x64.ActiveCfg = Debug|x64
		{DC7B67DC-A2D8-43F3-B9BE-B3D0054C70C5}.Debug|x64.Build.0 = Debug|x64
		{DC7B67DC-A2D8-43F3-B9BE-B3D0054C70C5}.Debug|x86.ActiveCfg = Debug|x86
		{DC7B67DC-A2D8-43F3-B9BE-B3D0054C70C5}.Debug|x86.Build.0 = Debug|x86
		{DC7B67DC-A2D8-43F3-B9BE-B3D0054C70C5}.Release|Any CPU.ActiveCfg = Release|Any CPU
		{DC7B67DC-A2D8-43F3-B9BE-B3D0054C70C5}.Release|Any CPU.Build.0 = Release|Any CPU
		{DC7B67DC-A2D8-43F3-B9BE-B3D0054C70C5}.Release|x64.ActiveCfg = Release|x64
		{DC7B67DC-A2D8-43F3-B9BE-B3D0054C70C5}.Release|x64.Build.0 = Release|x64
		{DC7B67DC-A2D8-43F3-B9BE-B3D0054C70C5}.Release|x86.ActiveCfg = Release|x86
		{DC7B67DC-A2D8-43F3-B9BE-B3D0054C70C5}.Release|x86.Build.0 = Release|x86
		{1E1B85F1-87D2-4F40-BA16-C3621C8644A0}.Debug|Any CPU.ActiveCfg = Debug|Any CPU
		{1E1B85F1-87D2-4F40-BA16-C3621C8644A0}.Debug|Any CPU.Build.0 = Debug|Any CPU
		{1E1B85F1-87D2-4F40-BA16-C3621C8644A0}.Debug|x64.ActiveCfg = Debug|Any CPU
		{1E1B85F1-87D2-4F40-BA16-C3621C8644A0}.Debug|x64.Build.0 = Debug|Any CPU
		{1E1B85F1-87D2-4F40-BA16-C3621C8644A0}.Debug|x86.ActiveCfg = Debug|x86
		{1E1B85F1-87D2-4F40-BA16-C3621C8644A0}.Debug|x86.Build.0 = Debug|x86
		{1E1B85F1-87D2-4F40-BA16-C3621C8644A0}.Release|Any CPU.ActiveCfg = Release|Any CPU
		{1E1B85F1-87D2-4F40-BA16-C3621C8644A0}.Release|Any CPU.Build.0 = Release|Any CPU
		{1E1B85F1-87D2-4F40-BA16-C3621C8644A0}.Release|x64.ActiveCfg = Release|Any CPU
		{1E1B85F1-87D2-4F40-BA16-C3621C8644A0}.Release|x64.Build.0 = Release|Any CPU
		{1E1B85F1-87D2-4F40-BA16-C3621C8644A0}.Release|x86.ActiveCfg = Release|x86
		{1E1B85F1-87D2-4F40-BA16-C3621C8644A0}.Release|x86.Build.0 = Release|x86
		{0DBC5610-B356-423E-BA1A-92981FE460DE}.Debug|Any CPU.ActiveCfg = Debug|Any CPU
		{0DBC5610-B356-423E-BA1A-92981FE460DE}.Debug|Any CPU.Build.0 = Debug|Any CPU
		{0DBC5610-B356-423E-BA1A-92981FE460DE}.Debug|x64.ActiveCfg = Debug|Any CPU
		{0DBC5610-B356-423E-BA1A-92981FE460DE}.Debug|x64.Build.0 = Debug|Any CPU
		{0DBC5610-B356-423E-BA1A-92981FE460DE}.Debug|x86.ActiveCfg = Debug|x86
		{0DBC5610-B356-423E-BA1A-92981FE460DE}.Debug|x86.Build.0 = Debug|x86
		{0DBC5610-B356-423E-BA1A-92981FE460DE}.Release|Any CPU.ActiveCfg = Release|Any CPU
		{0DBC5610-B356-423E-BA1A-92981FE460DE}.Release|Any CPU.Build.0 = Release|Any CPU
		{0DBC5610-B356-423E-BA1A-92981FE460DE}.Release|x64.ActiveCfg = Release|Any CPU
		{0DBC5610-B356-423E-BA1A-92981FE460DE}.Release|x64.Build.0 = Release|Any CPU
		{0DBC5610-B356-423E-BA1A-92981FE460DE}.Release|x86.ActiveCfg = Release|x86
		{0DBC5610-B356-423E-BA1A-92981FE460DE}.Release|x86.Build.0 = Release|x86
	EndGlobalSection
	GlobalSection(SolutionProperties) = preSolution
		HideSolutionNode = FALSE
	EndGlobalSection
	GlobalSection(ExtensibilityGlobals) = postSolution
		SolutionGuid = {168D77B3-3648-4148-B587-F626B9721FF8}
	EndGlobalSection
EndGlobal
